{
    "_readme": [
        "This file locks the dependencies of your project to a known state",
        "Read more about it at https://getcomposer.org/doc/01-basic-usage.md#installing-dependencies",
        "This file is @generated automatically"
    ],
    "content-hash": "161a14b39735c83469211dbb7df33c22",
    "packages": [
        {
            "name": "owasp/csrf-protector-php",
            "version": "dev-master",
            "source": {
                "type": "git",
                "url": "https://github.com/mebjas/CSRF-Protector-PHP.git",
                "reference": "df629c87e4b7b5408d32f1692ea8c93fb5ac8e4e"
            },
            "dist": {
                "type": "zip",
                "url": "https://api.github.com/repos/mebjas/CSRF-Protector-PHP/zipball/df629c87e4b7b5408d32f1692ea8c93fb5ac8e4e",
                "reference": "df629c87e4b7b5408d32f1692ea8c93fb5ac8e4e",
                "shasum": ""
            },
            "require-dev": {
                "satooshi/php-coveralls": "~1.0"
            },
            "default-branch": true,
            "type": "library",
            "autoload": {
                "classmap": [
                    "libs/csrf/"
                ]
            },
            "notification-url": "https://packagist.org/downloads/",
            "license": [
                "Apache-2.0"
            ],
            "description": "CSRF protector php, a standalone php library for csrf mitigation in web applications. Easy to integrate in any php web app.",
            "homepage": "https://github.com/mebjas/CSRF-Protector-PHP",
            "keywords": [
                "csrf",
                "owasp",
                "security"
            ],
            "support": {
                "issues": "https://github.com/mebjas/CSRF-Protector-PHP/issues",
                "source": "https://github.com/mebjas/CSRF-Protector-PHP/tree/master"
            },
            "time": "2020-10-16T11:35:37+00:00"
        }
    ],
    "packages-dev": [],
    "aliases": [],
    "minimum-stability": "stable",
    "stability-flags": {
        "owasp/csrf-protector-php": 20
    },
    "prefer-stable": false,
    "prefer-lowest": false,
    "platform": [],
    "platform-dev": [],
    "plugin-api-version": "2.3.0"
}
